
Microsoft Visual Studio Solution File, Format Version 12.00
# Visual Studio 15
VisualStudioVersion = 15.0.27130.2036
MinimumVisualStudioVersion = 10.0.40219.1
Project("{FAE04EC0-301F-11D3-BF4B-00C04F79EFBC}") = "f2b-wsl", "f2b-wsl\f2b-wsl.csproj", "{BDA1E135-8133-4FEE-A803-9124A568DC37}"
EndProject
Project("{FAE04EC0-301F-11D3-BF4B-00C04F79EFBC}") = "f2b-utest", "f2b-utest\f2b-utest.csproj", "{922921FD-2D3B-4C0D-B3C6-6ACB5C8FA9FA}"
EndProject
Project("{FAE04EC0-301F-11D3-BF4B-00C04F79EFBC}") = "IPluginAPIs", "IPluginAPIs\IPluginAPIs.csproj", "{C9697372-B6E3-4E19-A21D-ACCA4195E5F3}"
EndProject
Project("{FAE04EC0-301F-11D3-BF4B-00C04F79EFBC}") = "PluginDemo", "PluginDemo\PluginDemo.csproj", "{629C7B87-7851-4098-8F61-8309BAB05B7B}"
EndProject
Project("{FAE04EC0-301F-11D3-BF4B-00C04F79EFBC}") = "FirewallPolicyPlugin", "FirewallPolicyPlugin\FirewallPolicyPlugin.csproj", "{5EA28184-3F7D-4643-9F26-28BA974AE232}"
EndProject
Project("{54435603-DBB4-11D2-8724-00A0C9A8B90C}") = "Fail2Ban-wsl-setup", "Fail2Ban-wsl-setup\Fail2Ban-wsl-setup.vdproj", "{8B6B2DDD-7944-4364-814E-491129E1823E}"
EndProject
Project("{FAE04EC0-301F-11D3-BF4B-00C04F79EFBC}") = "PersistantFwRules", "PersistantFwRules\PersistantFwRules.csproj", "{F58DC036-C7B8-442D-BA96-7B7747BD2691}"
EndProject
Global
	GlobalSection(SolutionConfigurationPlatforms) = preSolution
		Debug|Any CPU = Debug|Any CPU
		Release|Any CPU = Release|Any CPU
	EndGlobalSection
	GlobalSection(ProjectConfigurationPlatforms) = postSolution
		{BDA1E135-8133-4FEE-A803-9124A568DC37}.Debug|Any CPU.ActiveCfg = Debug|Any CPU
		{BDA1E135-8133-4FEE-A803-9124A568DC37}.Debug|Any CPU.Build.0 = Debug|Any CPU
		{BDA1E135-8133-4FEE-A803-9124A568DC37}.Release|Any CPU.ActiveCfg = Release|Any CPU
		{BDA1E135-8133-4FEE-A803-9124A568DC37}.Release|Any CPU.Build.0 = Release|Any CPU
		{922921FD-2D3B-4C0D-B3C6-6ACB5C8FA9FA}.Debug|Any CPU.ActiveCfg = Debug|Any CPU
		{922921FD-2D3B-4C0D-B3C6-6ACB5C8FA9FA}.Debug|Any CPU.Build.0 = Debug|Any CPU
		{922921FD-2D3B-4C0D-B3C6-6ACB5C8FA9FA}.Release|Any CPU.ActiveCfg = Release|Any CPU
		{922921FD-2D3B-4C0D-B3C6-6ACB5C8FA9FA}.Release|Any CPU.Build.0 = Release|Any CPU
		{C9697372-B6E3-4E19-A21D-ACCA4195E5F3}.Debug|Any CPU.ActiveCfg = Debug|Any CPU
		{C9697372-B6E3-4E19-A21D-ACCA4195E5F3}.Debug|Any CPU.Build.0 = Debug|Any CPU
		{C9697372-B6E3-4E19-A21D-ACCA4195E5F3}.Release|Any CPU.ActiveCfg = Release|Any CPU
		{C9697372-B6E3-4E19-A21D-ACCA4195E5F3}.Release|Any CPU.Build.0 = Release|Any CPU
		{629C7B87-7851-4098-8F61-8309BAB05B7B}.Debug|Any CPU.ActiveCfg = Debug|Any CPU
		{629C7B87-7851-4098-8F61-8309BAB05B7B}.Debug|Any CPU.Build.0 = Debug|Any CPU
		{629C7B87-7851-4098-8F61-8309BAB05B7B}.Release|Any CPU.ActiveCfg = Release|Any CPU
		{629C7B87-7851-4098-8F61-8309BAB05B7B}.Release|Any CPU.Build.0 = Release|Any CPU
		{5EA28184-3F7D-4643-9F26-28BA974AE232}.Debug|Any CPU.ActiveCfg = Debug|Any CPU
		{5EA28184-3F7D-4643-9F26-28BA974AE232}.Debug|Any CPU.Build.0 = Debug|Any CPU
		{5EA28184-3F7D-4643-9F26-28BA974AE232}.Release|Any CPU.ActiveCfg = Release|Any CPU
		{5EA28184-3F7D-4643-9F26-28BA974AE232}.Release|Any CPU.Build.0 = Release|Any CPU
		{8B6B2DDD-7944-4364-814E-491129E1823E}.Debug|Any CPU.ActiveCfg = Debug
		{8B6B2DDD-7944-4364-814E-491129E1823E}.Release|Any CPU.ActiveCfg = Release
		{F58DC036-C7B8-442D-BA96-7B7747BD2691}.Debug|Any CPU.ActiveCfg = Debug|Any CPU
		{F58DC036-C7B8-442D-BA96-7B7747BD2691}.Debug|Any CPU.Build.0 = Debug|Any CPU
		{F58DC036-C7B8-442D-BA96-7B7747BD2691}.Release|Any CPU.ActiveCfg = Release|Any CPU
		{F58DC036-C7B8-442D-BA96-7B7747BD2691}.Release|Any CPU.Build.0 = Release|Any CPU
	EndGlobalSection
	GlobalSection(SolutionProperties) = preSolution
		HideSolutionNode = FALSE
	EndGlobalSection
	GlobalSection(ExtensibilityGlobals) = postSolution
		SolutionGuid = {CC6A2DB7-2FE9-467D-86A5-6BE6F559BE74}
	EndGlobalSection
EndGlobal
